
Microsoft Visual Studio Solution File, Format Version 12.00
Project("{FAE04EC0-301F-11D3-BF4B-00C04F79EFBC}") = "UrlShortener.Api", "UrlShortener.Api\UrlShortener.Api.csproj", "{B5C2A304-8261-4BFB-A62A-CAAEE4F7733E}"
EndProject
Global
	GlobalSection(SolutionConfigurationPlatforms) = preSolution
		Debug|Any CPU = Debug|Any CPU
		Release|Any CPU = Release|Any CPU
	EndGlobalSection
	GlobalSection(ProjectConfigurationPlatforms) = postSolution
		{B5C2A304-8261-4BFB-A62A-CAAEE4F7733E}.Debug|Any CPU.ActiveCfg = Debug|Any CPU
		{B5C2A304-8261-4BFB-A62A-CAAEE4F7733E}.Debug|Any CPU.Build.0 = Debug|Any CPU
		{B5C2A304-8261-4BFB-A62A-CAAEE4F7733E}.Release|Any CPU.ActiveCfg = Release|Any CPU
		{B5C2A304-8261-4BFB-A62A-CAAEE4F7733E}.Release|Any CPU.Build.0 = Release|Any CPU
	EndGlobalSection
EndGlobal
